
Microsoft Visual Studio Solution File, Format Version 12.00
# Visual Studio Version 17
VisualStudioVersion = 17.0.32126.317
MinimumVisualStudioVersion = 10.0.40219.1
Project("{FAE04EC0-301F-11D3-BF4B-00C04F79EFBC}") = "Lesson 6", "Lesson 6\Lesson 6.csproj", "{8A84FFDC-B92F-4A78-AB65-CA0EA05503F9}"
EndProject
Project("{FAE04EC0-301F-11D3-BF4B-00C04F79EFBC}") = "LibraryClass", "LibraryClass\LibraryClass.csproj", "{49FFC5BD-36A1-48C4-AF45-7A6E5F156B52}"
EndProject
Project("{FAE04EC0-301F-11D3-BF4B-00C04F79EFBC}") = "Extensions", "Extensions\Extensions.csproj", "{35996F38-BA3C-4E62-8D3E-A897065779E7}"
EndProject
Global
	GlobalSection(SolutionConfigurationPlatforms) = preSolution
		Debug|Any CPU = Debug|Any CPU
		Release|Any CPU = Release|Any CPU
	EndGlobalSection
	GlobalSection(ProjectConfigurationPlatforms) = postSolution
		{8A84FFDC-B92F-4A78-AB65-CA0EA05503F9}.Debug|Any CPU.ActiveCfg = Debug|Any CPU
		{8A84FFDC-B92F-4A78-AB65-CA0EA05503F9}.Debug|Any CPU.Build.0 = Debug|Any CPU
		{8A84FFDC-B92F-4A78-AB65-CA0EA05503F9}.Release|Any CPU.ActiveCfg = Release|Any CPU
		{8A84FFDC-B92F-4A78-AB65-CA0EA05503F9}.Release|Any CPU.Build.0 = Release|Any CPU
		{49FFC5BD-36A1-48C4-AF45-7A6E5F156B52}.Debug|Any CPU.ActiveCfg = Debug|Any CPU
		{49FFC5BD-36A1-48C4-AF45-7A6E5F156B52}.Debug|Any CPU.Build.0 = Debug|Any CPU
		{49FFC5BD-36A1-48C4-AF45-7A6E5F156B52}.Release|Any CPU.ActiveCfg = Release|Any CPU
		{49FFC5BD-36A1-48C4-AF45-7A6E5F156B52}.Release|Any CPU.Build.0 = Release|Any CPU
		{35996F38-BA3C-4E62-8D3E-A897065779E7}.Debug|Any CPU.ActiveCfg = Debug|Any CPU
		{35996F38-BA3C-4E62-8D3E-A897065779E7}.Debug|Any CPU.Build.0 = Debug|Any CPU
		{35996F38-BA3C-4E62-8D3E-A897065779E7}.Release|Any CPU.ActiveCfg = Release|Any CPU
		{35996F38-BA3C-4E62-8D3E-A897065779E7}.Release|Any CPU.Build.0 = Release|Any CPU
	EndGlobalSection
	GlobalSection(SolutionProperties) = preSolution
		HideSolutionNode = FALSE
	EndGlobalSection
	GlobalSection(ExtensibilityGlobals) = postSolution
		SolutionGuid = {8421B104-4429-43E0-8CDB-51646A58DB08}
	EndGlobalSection
EndGlobal
